
Microsoft Visual Studio Solution File, Format Version 12.00
# Visual Studio 15
VisualStudioVersion = 15.0.28010.2050
MinimumVisualStudioVersion = 10.0.40219.1
Project("{FAE04EC0-301F-11D3-BF4B-00C04F79EFBC}") = "ContosoUniversity", "ContosoUniversity\ContosoUniversity.csproj", "{634B6130-E0DC-471A-B033-7069376FBEE5}"
EndProject
Global
	GlobalSection(SolutionConfigurationPlatforms) = preSolution
		Debug|Any CPU = Debug|Any CPU
		Release|Any CPU = Release|Any CPU
	EndGlobalSection
	GlobalSection(ProjectConfigurationPlatforms) = postSolution
		{634B6130-E0DC-471A-B033-7069376FBEE5}.Debug|Any CPU.ActiveCfg = Debug|Any CPU
		{634B6130-E0DC-471A-B033-7069376FBEE5}.Debug|Any CPU.Build.0 = Debug|Any CPU
		{634B6130-E0DC-471A-B033-7069376FBEE5}.Release|Any CPU.ActiveCfg = Release|Any CPU
		{634B6130-E0DC-471A-B033-7069376FBEE5}.Release|Any CPU.Build.0 = Release|Any CPU
	EndGlobalSection
	GlobalSection(SolutionProperties) = preSolution
		HideSolutionNode = FALSE
	EndGlobalSection
	GlobalSection(ExtensibilityGlobals) = postSolution
		SolutionGuid = {FEFFCDB9-24BE-4746-A761-961DE1AD0239}
	EndGlobalSection
EndGlobal
